
Microsoft Visual Studio Solution File, Format Version 12.00
Project("{FAE04EC0-301F-11D3-BF4B-00C04F79EFBC}") = "bibliotekssystem", "bibliotekssystem\bibliotekssystem.csproj", "{B92705E3-1351-4DC5-983A-CFA138448E78}"
EndProject

Project("{FAE04EC0-301F-11D3-BF4B-00C04F79EFBC}") = "loanService", "loanService\loanService.csproj", "{F094C1D6-6088-4A79-83F2-E39296A6EE5C}"
EndProject

Project("{FAE04EC0-301F-11D3-BF4B-00C04F79EFBC}") = "Library.ReminderAPI", "Library.ReminderAPI\Library.ReminderAPI.csproj", "{44EE5766-3140-44EA-9692-89D4228FE67C}"

EndProject
Project("{FAE04EC0-301F-11D3-BF4B-00C04F79EFBC}") = "Library.ItemAPI", "Library.ItemAPI\Library.ItemAPI.csproj", "{00000000-0000-0000-0000-000000000000}"
EndProject
Global
	GlobalSection(SolutionConfigurationPlatforms) = preSolution
		Debug|Any CPU = Debug|Any CPU
		Release|Any CPU = Release|Any CPU
	EndGlobalSection
	GlobalSection(ProjectConfigurationPlatforms) = postSolution
		{B92705E3-1351-4DC5-983A-CFA138448E78}.Debug|Any CPU.ActiveCfg = Debug|Any CPU
		{B92705E3-1351-4DC5-983A-CFA138448E78}.Debug|Any CPU.Build.0 = Debug|Any CPU
		{B92705E3-1351-4DC5-983A-CFA138448E78}.Release|Any CPU.ActiveCfg = Release|Any CPU
		{B92705E3-1351-4DC5-983A-CFA138448E78}.Release|Any CPU.Build.0 = Release|Any CPU

		{F094C1D6-6088-4A79-83F2-E39296A6EE5C}.Debug|Any CPU.ActiveCfg = Debug|Any CPU
		{F094C1D6-6088-4A79-83F2-E39296A6EE5C}.Debug|Any CPU.Build.0 = Debug|Any CPU
		{F094C1D6-6088-4A79-83F2-E39296A6EE5C}.Release|Any CPU.ActiveCfg = Release|Any CPU
		{F094C1D6-6088-4A79-83F2-E39296A6EE5C}.Release|Any CPU.Build.0 = Release|Any CPU

		{44EE5766-3140-44EA-9692-89D4228FE67C}.Debug|Any CPU.ActiveCfg = Debug|Any CPU
		{44EE5766-3140-44EA-9692-89D4228FE67C}.Debug|Any CPU.Build.0 = Debug|Any CPU
		{44EE5766-3140-44EA-9692-89D4228FE67C}.Release|Any CPU.ActiveCfg = Release|Any CPU
		{44EE5766-3140-44EA-9692-89D4228FE67C}.Release|Any CPU.Build.0 = Release|Any CPU

		{00000000-0000-0000-0000-000000000000}.Debug|Any CPU.ActiveCfg = Debug|Any CPU
		{00000000-0000-0000-0000-000000000000}.Debug|Any CPU.Build.0 = Debug|Any CPU
	EndGlobalSection
EndGlobal
